
Microsoft Visual Studio Solution File, Format Version 12.00
# Visual Studio 15
VisualStudioVersion = 15.0.26430.14
MinimumVisualStudioVersion = 10.0.40219.1
Project("{2150E333-8FDC-42A3-9474-1A3956D46DE8}") = "Social Search", "Social Search", "{84587AEA-7A73-49B6-ADAE-D8228818AA88}"
EndProject
Project("{2150E333-8FDC-42A3-9474-1A3956D46DE8}") = "Twitter", "Twitter", "{312B5027-606D-4E89-B69F-03E63B582F0E}"
EndProject
Project("{2150E333-8FDC-42A3-9474-1A3956D46DE8}") = "YouTube", "YouTube", "{C8132155-210A-4370-B423-BDF49A09E2A8}"
EndProject
Project("{2150E333-8FDC-42A3-9474-1A3956D46DE8}") = "Flikr", "Flikr", "{D1CBDAD2-97BB-4630-A6EA-66DBEBE935DF}"
EndProject
Project("{2150E333-8FDC-42A3-9474-1A3956D46DE8}") = "Instagram", "Instagram", "{A4EBBE34-735E-44EE-B4EC-1C6CF5759E6B}"
EndProject
Project("{2150E333-8FDC-42A3-9474-1A3956D46DE8}") = "Facebook", "Facebook", "{E9858CC6-9E80-48E2-B2AF-B30BFCC353CB}"
EndProject
Project("{FAE04EC0-301F-11D3-BF4B-00C04F79EFBC}") = "Facebook.ServiceModel", "Facebook\Facebook.ServiceModel\Facebook.ServiceModel.csproj", "{72739841-BC87-4E27-996A-B574F04338B7}"
EndProject
Project("{FAE04EC0-301F-11D3-BF4B-00C04F79EFBC}") = "Facebook.ServiceInterface", "Facebook\Facebook.ServiceInterface\Facebook.ServiceInterface.csproj", "{A09F93A5-05DC-4ADA-AF05-517F51AB4D87}"
EndProject
Project("{FAE04EC0-301F-11D3-BF4B-00C04F79EFBC}") = "Facebook.Tests", "Facebook\Facebook.Tests\Facebook.Tests.csproj", "{1ED391F4-0422-471D-A901-AD1714CACBB1}"
EndProject
Project("{FAE04EC0-301F-11D3-BF4B-00C04F79EFBC}") = "Facebook", "Facebook\Facebook\Facebook.csproj", "{8760048A-1F48-45FA-8E36-65F9AF2B028B}"
EndProject
Project("{FAE04EC0-301F-11D3-BF4B-00C04F79EFBC}") = "Flickr.ServiceModel", "Flickr\Flickr.ServiceModel\Flickr.ServiceModel.csproj", "{F46AFA79-ED97-47EA-8E35-15ED36ED7F36}"
EndProject
Project("{FAE04EC0-301F-11D3-BF4B-00C04F79EFBC}") = "Flickr.ServiceInterface", "Flickr\Flickr.ServiceInterface\Flickr.ServiceInterface.csproj", "{E7AD080F-275A-421A-BADE-4D8CBFCA9A9E}"
EndProject
Project("{FAE04EC0-301F-11D3-BF4B-00C04F79EFBC}") = "Flickr.Tests", "Flickr\Flickr.Tests\Flickr.Tests.csproj", "{8671589A-80B1-49C1-98EE-50FBF7586FA9}"
EndProject
Project("{FAE04EC0-301F-11D3-BF4B-00C04F79EFBC}") = "Flickr", "Flickr\Flickr\Flickr.csproj", "{C530DC26-0E42-4BC7-9822-C76E88C112E9}"
EndProject
Project("{FAE04EC0-301F-11D3-BF4B-00C04F79EFBC}") = "Instagram.ServiceModel", "Instagram\Instagram.ServiceModel\Instagram.ServiceModel.csproj", "{24E3CCA8-ED26-4962-BA42-2E1F565E4F10}"
EndProject
Project("{FAE04EC0-301F-11D3-BF4B-00C04F79EFBC}") = "Instagram.ServiceInterface", "Instagram\Instagram.ServiceInterface\Instagram.ServiceInterface.csproj", "{FDCCCFE6-530F-48CB-BBB7-11B1F69FAF55}"
EndProject
Project("{FAE04EC0-301F-11D3-BF4B-00C04F79EFBC}") = "Instagram", "Instagram\Instagram\Instagram.csproj", "{C1D03E40-A8CF-47D4-BAF9-07C5659AE249}"
EndProject
Project("{FAE04EC0-301F-11D3-BF4B-00C04F79EFBC}") = "Instagram.Tests", "Instagram\Instagram.Tests\Instagram.Tests.csproj", "{05BCE2D9-95BF-401E-B86C-0B89E69DFC01}"
EndProject
Project("{2150E333-8FDC-42A3-9474-1A3956D46DE8}") = "Social Services", "Social Services", "{1959CB99-19EB-4DDD-BB24-43FD5D729C4E}"
EndProject
Project("{2150E333-8FDC-42A3-9474-1A3956D46DE8}") = "Massey", "Massey", "{E07D9FE7-8287-408C-9BAB-5A21CC63FCA2}"
EndProject
Project("{FAE04EC0-301F-11D3-BF4B-00C04F79EFBC}") = "Twitter.ServiceModel", "Twitter\Twitter.ServiceModel\Twitter.ServiceModel.csproj", "{22D9470C-9A14-4E6A-865F-C3C526197974}"
EndProject
Project("{FAE04EC0-301F-11D3-BF4B-00C04F79EFBC}") = "Twitter.ServiceInterface", "Twitter\Twitter.ServiceInterface\Twitter.ServiceInterface.csproj", "{0A7455C7-B271-4118-89C6-7CDFF61D410A}"
EndProject
Project("{FAE04EC0-301F-11D3-BF4B-00C04F79EFBC}") = "Twitter", "Twitter\Twitter\Twitter.csproj", "{4644C45E-F13C-40D6-8F06-F74FFAC5E9A3}"
EndProject
Project("{FAE04EC0-301F-11D3-BF4B-00C04F79EFBC}") = "Twitter.Tests", "Twitter\Twitter.Tests\Twitter.Tests.csproj", "{7FF53A1B-543C-4B8A-ACBC-ED66CD3C94BA}"
EndProject
Project("{FAE04EC0-301F-11D3-BF4B-00C04F79EFBC}") = "YouTube.ServiceModel", "YouTube\YouTube.ServiceModel\YouTube.ServiceModel.csproj", "{AC791513-DFB4-4E8B-86E0-1CE1DD94241A}"
EndProject
Project("{FAE04EC0-301F-11D3-BF4B-00C04F79EFBC}") = "YouTube.ServiceInterface", "YouTube\YouTube.ServiceInterface\YouTube.ServiceInterface.csproj", "{D722B093-FB27-4466-ADB4-82B148BB66E3}"
EndProject
Project("{FAE04EC0-301F-11D3-BF4B-00C04F79EFBC}") = "YouTube", "YouTube\YouTube\YouTube.csproj", "{AD72AF95-1E02-4A96-BD68-0ABB09900607}"
EndProject
Project("{FAE04EC0-301F-11D3-BF4B-00C04F79EFBC}") = "YouTube.Tests", "YouTube\YouTube.Tests\YouTube.Tests.csproj", "{2E88004E-D5FF-4B03-9C0F-38B10B25550E}"
EndProject
Project("{FAE04EC0-301F-11D3-BF4B-00C04F79EFBC}") = "Search.ServiceModel", "Search\Search.ServiceModel\Search.ServiceModel.csproj", "{0BF8AEB0-8661-46A5-AF52-C9FE3E84BFFB}"
EndProject
Project("{FAE04EC0-301F-11D3-BF4B-00C04F79EFBC}") = "Search.ServiceInterface", "Search\Search.ServiceInterface\Search.ServiceInterface.csproj", "{AACAE584-9095-45DD-AC90-E77F7BC0F47C}"
EndProject
Project("{FAE04EC0-301F-11D3-BF4B-00C04F79EFBC}") = "Search", "Search\Search\Search.csproj", "{F020DAF5-63FF-49FE-97E0-A6FD5DCC5854}"
EndProject
Project("{FAE04EC0-301F-11D3-BF4B-00C04F79EFBC}") = "Search.Tests", "Search\Search.Tests\Search.Tests.csproj", "{6951DE20-E6A7-4E4B-99A5-89AD3C2B09CF}"
EndProject
Global
	GlobalSection(SolutionConfigurationPlatforms) = preSolution
		Debug|Any CPU = Debug|Any CPU
		Release|Any CPU = Release|Any CPU
	EndGlobalSection
	GlobalSection(ProjectConfigurationPlatforms) = postSolution
		{72739841-BC87-4E27-996A-B574F04338B7}.Debug|Any CPU.ActiveCfg = Debug|Any CPU
		{72739841-BC87-4E27-996A-B574F04338B7}.Debug|Any CPU.Build.0 = Debug|Any CPU
		{72739841-BC87-4E27-996A-B574F04338B7}.Release|Any CPU.ActiveCfg = Release|Any CPU
		{72739841-BC87-4E27-996A-B574F04338B7}.Release|Any CPU.Build.0 = Release|Any CPU
		{A09F93A5-05DC-4ADA-AF05-517F51AB4D87}.Debug|Any CPU.ActiveCfg = Debug|Any CPU
		{A09F93A5-05DC-4ADA-AF05-517F51AB4D87}.Debug|Any CPU.Build.0 = Debug|Any CPU
		{A09F93A5-05DC-4ADA-AF05-517F51AB4D87}.Release|Any CPU.ActiveCfg = Release|Any CPU
		{A09F93A5-05DC-4ADA-AF05-517F51AB4D87}.Release|Any CPU.Build.0 = Release|Any CPU
		{1ED391F4-0422-471D-A901-AD1714CACBB1}.Debug|Any CPU.ActiveCfg = Debug|Any CPU
		{1ED391F4-0422-471D-A901-AD1714CACBB1}.Debug|Any CPU.Build.0 = Debug|Any CPU
		{1ED391F4-0422-471D-A901-AD1714CACBB1}.Release|Any CPU.ActiveCfg = Release|Any CPU
		{1ED391F4-0422-471D-A901-AD1714CACBB1}.Release|Any CPU.Build.0 = Release|Any CPU
		{8760048A-1F48-45FA-8E36-65F9AF2B028B}.Debug|Any CPU.ActiveCfg = Debug|Any CPU
		{8760048A-1F48-45FA-8E36-65F9AF2B028B}.Debug|Any CPU.Build.0 = Debug|Any CPU
		{8760048A-1F48-45FA-8E36-65F9AF2B028B}.Release|Any CPU.ActiveCfg = Release|Any CPU
		{8760048A-1F48-45FA-8E36-65F9AF2B028B}.Release|Any CPU.Build.0 = Release|Any CPU
		{F46AFA79-ED97-47EA-8E35-15ED36ED7F36}.Debug|Any CPU.ActiveCfg = Debug|Any CPU
		{F46AFA79-ED97-47EA-8E35-15ED36ED7F36}.Debug|Any CPU.Build.0 = Debug|Any CPU
		{F46AFA79-ED97-47EA-8E35-15ED36ED7F36}.Release|Any CPU.ActiveCfg = Release|Any CPU
		{F46AFA79-ED97-47EA-8E35-15ED36ED7F36}.Release|Any CPU.Build.0 = Release|Any CPU
		{E7AD080F-275A-421A-BADE-4D8CBFCA9A9E}.Debug|Any CPU.ActiveCfg = Debug|Any CPU
		{E7AD080F-275A-421A-BADE-4D8CBFCA9A9E}.Debug|Any CPU.Build.0 = Debug|Any CPU
		{E7AD080F-275A-421A-BADE-4D8CBFCA9A9E}.Release|Any CPU.ActiveCfg = Release|Any CPU
		{E7AD080F-275A-421A-BADE-4D8CBFCA9A9E}.Release|Any CPU.Build.0 = Release|Any CPU
		{8671589A-80B1-49C1-98EE-50FBF7586FA9}.Debug|Any CPU.ActiveCfg = Debug|Any CPU
		{8671589A-80B1-49C1-98EE-50FBF7586FA9}.Debug|Any CPU.Build.0 = Debug|Any CPU
		{8671589A-80B1-49C1-98EE-50FBF7586FA9}.Release|Any CPU.ActiveCfg = Release|Any CPU
		{8671589A-80B1-49C1-98EE-50FBF7586FA9}.Release|Any CPU.Build.0 = Release|Any CPU
		{C530DC26-0E42-4BC7-9822-C76E88C112E9}.Debug|Any CPU.ActiveCfg = Debug|Any CPU
		{C530DC26-0E42-4BC7-9822-C76E88C112E9}.Debug|Any CPU.Build.0 = Debug|Any CPU
		{C530DC26-0E42-4BC7-9822-C76E88C112E9}.Release|Any CPU.ActiveCfg = Release|Any CPU
		{C530DC26-0E42-4BC7-9822-C76E88C112E9}.Release|Any CPU.Build.0 = Release|Any CPU
		{24E3CCA8-ED26-4962-BA42-2E1F565E4F10}.Debug|Any CPU.ActiveCfg = Debug|Any CPU
		{24E3CCA8-ED26-4962-BA42-2E1F565E4F10}.Debug|Any CPU.Build.0 = Debug|Any CPU
		{24E3CCA8-ED26-4962-BA42-2E1F565E4F10}.Release|Any CPU.ActiveCfg = Release|Any CPU
		{24E3CCA8-ED26-4962-BA42-2E1F565E4F10}.Release|Any CPU.Build.0 = Release|Any CPU
		{FDCCCFE6-530F-48CB-BBB7-11B1F69FAF55}.Debug|Any CPU.ActiveCfg = Debug|Any CPU
		{FDCCCFE6-530F-48CB-BBB7-11B1F69FAF55}.Debug|Any CPU.Build.0 = Debug|Any CPU
		{FDCCCFE6-530F-48CB-BBB7-11B1F69FAF55}.Release|Any CPU.ActiveCfg = Release|Any CPU
		{FDCCCFE6-530F-48CB-BBB7-11B1F69FAF55}.Release|Any CPU.Build.0 = Release|Any CPU
		{C1D03E40-A8CF-47D4-BAF9-07C5659AE249}.Debug|Any CPU.ActiveCfg = Debug|Any CPU
		{C1D03E40-A8CF-47D4-BAF9-07C5659AE249}.Debug|Any CPU.Build.0 = Debug|Any CPU
		{C1D03E40-A8CF-47D4-BAF9-07C5659AE249}.Release|Any CPU.ActiveCfg = Release|Any CPU
		{C1D03E40-A8CF-47D4-BAF9-07C5659AE249}.Release|Any CPU.Build.0 = Release|Any CPU
		{05BCE2D9-95BF-401E-B86C-0B89E69DFC01}.Debug|Any CPU.ActiveCfg = Debug|Any CPU
		{05BCE2D9-95BF-401E-B86C-0B89E69DFC01}.Debug|Any CPU.Build.0 = Debug|Any CPU
		{05BCE2D9-95BF-401E-B86C-0B89E69DFC01}.Release|Any CPU.ActiveCfg = Release|Any CPU
		{05BCE2D9-95BF-401E-B86C-0B89E69DFC01}.Release|Any CPU.Build.0 = Release|Any CPU
		{22D9470C-9A14-4E6A-865F-C3C526197974}.Debug|Any CPU.ActiveCfg = Debug|Any CPU
		{22D9470C-9A14-4E6A-865F-C3C526197974}.Debug|Any CPU.Build.0 = Debug|Any CPU
		{22D9470C-9A14-4E6A-865F-C3C526197974}.Release|Any CPU.ActiveCfg = Release|Any CPU
		{22D9470C-9A14-4E6A-865F-C3C526197974}.Release|Any CPU.Build.0 = Release|Any CPU
		{0A7455C7-B271-4118-89C6-7CDFF61D410A}.Debug|Any CPU.ActiveCfg = Debug|Any CPU
		{0A7455C7-B271-4118-89C6-7CDFF61D410A}.Debug|Any CPU.Build.0 = Debug|Any CPU
		{0A7455C7-B271-4118-89C6-7CDFF61D410A}.Release|Any CPU.ActiveCfg = Release|Any CPU
		{0A7455C7-B271-4118-89C6-7CDFF61D410A}.Release|Any CPU.Build.0 = Release|Any CPU
		{4644C45E-F13C-40D6-8F06-F74FFAC5E9A3}.Debug|Any CPU.ActiveCfg = Debug|Any CPU
		{4644C45E-F13C-40D6-8F06-F74FFAC5E9A3}.Debug|Any CPU.Build.0 = Debug|Any CPU
		{4644C45E-F13C-40D6-8F06-F74FFAC5E9A3}.Release|Any CPU.ActiveCfg = Release|Any CPU
		{4644C45E-F13C-40D6-8F06-F74FFAC5E9A3}.Release|Any CPU.Build.0 = Release|Any CPU
		{7FF53A1B-543C-4B8A-ACBC-ED66CD3C94BA}.Debug|Any CPU.ActiveCfg = Debug|Any CPU
		{7FF53A1B-543C-4B8A-ACBC-ED66CD3C94BA}.Debug|Any CPU.Build.0 = Debug|Any CPU
		{7FF53A1B-543C-4B8A-ACBC-ED66CD3C94BA}.Release|Any CPU.ActiveCfg = Release|Any CPU
		{7FF53A1B-543C-4B8A-ACBC-ED66CD3C94BA}.Release|Any CPU.Build.0 = Release|Any CPU
		{AC791513-DFB4-4E8B-86E0-1CE1DD94241A}.Debug|Any CPU.ActiveCfg = Debug|Any CPU
		{AC791513-DFB4-4E8B-86E0-1CE1DD94241A}.Debug|Any CPU.Build.0 = Debug|Any CPU
		{AC791513-DFB4-4E8B-86E0-1CE1DD94241A}.Release|Any CPU.ActiveCfg = Release|Any CPU
		{AC791513-DFB4-4E8B-86E0-1CE1DD94241A}.Release|Any CPU.Build.0 = Release|Any CPU
		{D722B093-FB27-4466-ADB4-82B148BB66E3}.Debug|Any CPU.ActiveCfg = Debug|Any CPU
		{D722B093-FB27-4466-ADB4-82B148BB66E3}.Debug|Any CPU.Build.0 = Debug|Any CPU
		{D722B093-FB27-4466-ADB4-82B148BB66E3}.Release|Any CPU.ActiveCfg = Release|Any CPU
		{D722B093-FB27-4466-ADB4-82B148BB66E3}.Release|Any CPU.Build.0 = Release|Any CPU
		{AD72AF95-1E02-4A96-BD68-0ABB09900607}.Debug|Any CPU.ActiveCfg = Debug|Any CPU
		{AD72AF95-1E02-4A96-BD68-0ABB09900607}.Debug|Any CPU.Build.0 = Debug|Any CPU
		{AD72AF95-1E02-4A96-BD68-0ABB09900607}.Release|Any CPU.ActiveCfg = Release|Any CPU
		{AD72AF95-1E02-4A96-BD68-0ABB09900607}.Release|Any CPU.Build.0 = Release|Any CPU
		{2E88004E-D5FF-4B03-9C0F-38B10B25550E}.Debug|Any CPU.ActiveCfg = Debug|Any CPU
		{2E88004E-D5FF-4B03-9C0F-38B10B25550E}.Debug|Any CPU.Build.0 = Debug|Any CPU
		{2E88004E-D5FF-4B03-9C0F-38B10B25550E}.Release|Any CPU.ActiveCfg = Release|Any CPU
		{2E88004E-D5FF-4B03-9C0F-38B10B25550E}.Release|Any CPU.Build.0 = Release|Any CPU
		{0BF8AEB0-8661-46A5-AF52-C9FE3E84BFFB}.Debug|Any CPU.ActiveCfg = Debug|Any CPU
		{0BF8AEB0-8661-46A5-AF52-C9FE3E84BFFB}.Debug|Any CPU.Build.0 = Debug|Any CPU
		{0BF8AEB0-8661-46A5-AF52-C9FE3E84BFFB}.Release|Any CPU.ActiveCfg = Release|Any CPU
		{0BF8AEB0-8661-46A5-AF52-C9FE3E84BFFB}.Release|Any CPU.Build.0 = Release|Any CPU
		{AACAE584-9095-45DD-AC90-E77F7BC0F47C}.Debug|Any CPU.ActiveCfg = Debug|Any CPU
		{AACAE584-9095-45DD-AC90-E77F7BC0F47C}.Debug|Any CPU.Build.0 = Debug|Any CPU
		{AACAE584-9095-45DD-AC90-E77F7BC0F47C}.Release|Any CPU.ActiveCfg = Release|Any CPU
		{AACAE584-9095-45DD-AC90-E77F7BC0F47C}.Release|Any CPU.Build.0 = Release|Any CPU
		{F020DAF5-63FF-49FE-97E0-A6FD5DCC5854}.Debug|Any CPU.ActiveCfg = Debug|Any CPU
		{F020DAF5-63FF-49FE-97E0-A6FD5DCC5854}.Debug|Any CPU.Build.0 = Debug|Any CPU
		{F020DAF5-63FF-49FE-97E0-A6FD5DCC5854}.Release|Any CPU.ActiveCfg = Release|Any CPU
		{F020DAF5-63FF-49FE-97E0-A6FD5DCC5854}.Release|Any CPU.Build.0 = Release|Any CPU
		{6951DE20-E6A7-4E4B-99A5-89AD3C2B09CF}.Debug|Any CPU.ActiveCfg = Debug|Any CPU
		{6951DE20-E6A7-4E4B-99A5-89AD3C2B09CF}.Debug|Any CPU.Build.0 = Debug|Any CPU
		{6951DE20-E6A7-4E4B-99A5-89AD3C2B09CF}.Release|Any CPU.ActiveCfg = Release|Any CPU
		{6951DE20-E6A7-4E4B-99A5-89AD3C2B09CF}.Release|Any CPU.Build.0 = Release|Any CPU
	EndGlobalSection
	GlobalSection(SolutionProperties) = preSolution
		HideSolutionNode = FALSE
	EndGlobalSection
	GlobalSection(NestedProjects) = preSolution
		{84587AEA-7A73-49B6-ADAE-D8228818AA88} = {E07D9FE7-8287-408C-9BAB-5A21CC63FCA2}
		{312B5027-606D-4E89-B69F-03E63B582F0E} = {1959CB99-19EB-4DDD-BB24-43FD5D729C4E}
		{C8132155-210A-4370-B423-BDF49A09E2A8} = {1959CB99-19EB-4DDD-BB24-43FD5D729C4E}
		{D1CBDAD2-97BB-4630-A6EA-66DBEBE935DF} = {1959CB99-19EB-4DDD-BB24-43FD5D729C4E}
		{A4EBBE34-735E-44EE-B4EC-1C6CF5759E6B} = {1959CB99-19EB-4DDD-BB24-43FD5D729C4E}
		{E9858CC6-9E80-48E2-B2AF-B30BFCC353CB} = {1959CB99-19EB-4DDD-BB24-43FD5D729C4E}
		{72739841-BC87-4E27-996A-B574F04338B7} = {E9858CC6-9E80-48E2-B2AF-B30BFCC353CB}
		{A09F93A5-05DC-4ADA-AF05-517F51AB4D87} = {E9858CC6-9E80-48E2-B2AF-B30BFCC353CB}
		{1ED391F4-0422-471D-A901-AD1714CACBB1} = {E9858CC6-9E80-48E2-B2AF-B30BFCC353CB}
		{8760048A-1F48-45FA-8E36-65F9AF2B028B} = {E9858CC6-9E80-48E2-B2AF-B30BFCC353CB}
		{F46AFA79-ED97-47EA-8E35-15ED36ED7F36} = {D1CBDAD2-97BB-4630-A6EA-66DBEBE935DF}
		{E7AD080F-275A-421A-BADE-4D8CBFCA9A9E} = {D1CBDAD2-97BB-4630-A6EA-66DBEBE935DF}
		{8671589A-80B1-49C1-98EE-50FBF7586FA9} = {D1CBDAD2-97BB-4630-A6EA-66DBEBE935DF}
		{C530DC26-0E42-4BC7-9822-C76E88C112E9} = {D1CBDAD2-97BB-4630-A6EA-66DBEBE935DF}
		{24E3CCA8-ED26-4962-BA42-2E1F565E4F10} = {A4EBBE34-735E-44EE-B4EC-1C6CF5759E6B}
		{FDCCCFE6-530F-48CB-BBB7-11B1F69FAF55} = {A4EBBE34-735E-44EE-B4EC-1C6CF5759E6B}
		{C1D03E40-A8CF-47D4-BAF9-07C5659AE249} = {A4EBBE34-735E-44EE-B4EC-1C6CF5759E6B}
		{05BCE2D9-95BF-401E-B86C-0B89E69DFC01} = {A4EBBE34-735E-44EE-B4EC-1C6CF5759E6B}
		{22D9470C-9A14-4E6A-865F-C3C526197974} = {312B5027-606D-4E89-B69F-03E63B582F0E}
		{0A7455C7-B271-4118-89C6-7CDFF61D410A} = {312B5027-606D-4E89-B69F-03E63B582F0E}
		{4644C45E-F13C-40D6-8F06-F74FFAC5E9A3} = {312B5027-606D-4E89-B69F-03E63B582F0E}
		{7FF53A1B-543C-4B8A-ACBC-ED66CD3C94BA} = {312B5027-606D-4E89-B69F-03E63B582F0E}
		{AC791513-DFB4-4E8B-86E0-1CE1DD94241A} = {C8132155-210A-4370-B423-BDF49A09E2A8}
		{D722B093-FB27-4466-ADB4-82B148BB66E3} = {C8132155-210A-4370-B423-BDF49A09E2A8}
		{AD72AF95-1E02-4A96-BD68-0ABB09900607} = {C8132155-210A-4370-B423-BDF49A09E2A8}
		{2E88004E-D5FF-4B03-9C0F-38B10B25550E} = {C8132155-210A-4370-B423-BDF49A09E2A8}
		{0BF8AEB0-8661-46A5-AF52-C9FE3E84BFFB} = {84587AEA-7A73-49B6-ADAE-D8228818AA88}
		{AACAE584-9095-45DD-AC90-E77F7BC0F47C} = {84587AEA-7A73-49B6-ADAE-D8228818AA88}
		{F020DAF5-63FF-49FE-97E0-A6FD5DCC5854} = {84587AEA-7A73-49B6-ADAE-D8228818AA88}
		{6951DE20-E6A7-4E4B-99A5-89AD3C2B09CF} = {84587AEA-7A73-49B6-ADAE-D8228818AA88}
	EndGlobalSection
EndGlobal
